
Microsoft Visual Studio Solution File, Format Version 12.00
# Visual Studio Version 16
VisualStudioVersion = 16.0.31424.327
MinimumVisualStudioVersion = 10.0.40219.1
Project("{FAE04EC0-301F-11D3-BF4B-00C04F79EFBC}") = "DebugCharms", "DebugCharms.csproj", "{4C0AAD79-EF3E-46D3-87AE-183AABE4AE42}"
EndProject
Global
	GlobalSection(SolutionConfigurationPlatforms) = preSolution
		Debug|Any CPU = Debug|Any CPU
		Release|Any CPU = Release|Any CPU
	EndGlobalSection
	GlobalSection(ProjectConfigurationPlatforms) = postSolution
		{4C0AAD79-EF3E-46D3-87AE-183AABE4AE42}.Debug|Any CPU.ActiveCfg = Debug|Any CPU
		{4C0AAD79-EF3E-46D3-87AE-183AABE4AE42}.Debug|Any CPU.Build.0 = Debug|Any CPU
		{4C0AAD79-EF3E-46D3-87AE-183AABE4AE42}.Release|Any CPU.ActiveCfg = Release|Any CPU
		{4C0AAD79-EF3E-46D3-87AE-183AABE4AE42}.Release|Any CPU.Build.0 = Release|Any CPU
	EndGlobalSection
	GlobalSection(SolutionProperties) = preSolution
		HideSolutionNode = FALSE
	EndGlobalSection
	GlobalSection(ExtensibilityGlobals) = postSolution
		SolutionGuid = {DF0135F1-259F-4A73-96EC-4F6125A67585}
	EndGlobalSection
EndGlobal
